
Microsoft Visual Studio Solution File, Format Version 12.00
# Visual Studio 15
VisualStudioVersion = 15.0.27924.0
MinimumVisualStudioVersion = 10.0.40219.1
Project("{FAE04EC0-301F-11D3-BF4B-00C04F79EFBC}") = "LifeBoatUnitTest.Logic.Test", "LifeBoatUnitTest.Logic.Test\LifeBoatUnitTest.Logic.Test.csproj", "{4588F373-388A-40FA-86E6-2E761A9CD094}"
EndProject
Project("{FAE04EC0-301F-11D3-BF4B-00C04F79EFBC}") = "LifeBoatUnitTest.Logic", "LifeBoatUnitTest.Logic\LifeBoatUnitTest.Logic.csproj", "{37E2C18E-BCC4-4F24-9A7B-66D6E0927FB0}"
EndProject
Global
	GlobalSection(SolutionConfigurationPlatforms) = preSolution
		Debug|Any CPU = Debug|Any CPU
		Release|Any CPU = Release|Any CPU
	EndGlobalSection
	GlobalSection(ProjectConfigurationPlatforms) = postSolution
		{4588F373-388A-40FA-86E6-2E761A9CD094}.Debug|Any CPU.ActiveCfg = Debug|Any CPU
		{4588F373-388A-40FA-86E6-2E761A9CD094}.Debug|Any CPU.Build.0 = Debug|Any CPU
		{4588F373-388A-40FA-86E6-2E761A9CD094}.Release|Any CPU.ActiveCfg = Release|Any CPU
		{4588F373-388A-40FA-86E6-2E761A9CD094}.Release|Any CPU.Build.0 = Release|Any CPU
		{37E2C18E-BCC4-4F24-9A7B-66D6E0927FB0}.Debug|Any CPU.ActiveCfg = Debug|Any CPU
		{37E2C18E-BCC4-4F24-9A7B-66D6E0927FB0}.Debug|Any CPU.Build.0 = Debug|Any CPU
		{37E2C18E-BCC4-4F24-9A7B-66D6E0927FB0}.Release|Any CPU.ActiveCfg = Release|Any CPU
		{37E2C18E-BCC4-4F24-9A7B-66D6E0927FB0}.Release|Any CPU.Build.0 = Release|Any CPU
	EndGlobalSection
	GlobalSection(SolutionProperties) = preSolution
		HideSolutionNode = FALSE
	EndGlobalSection
	GlobalSection(ExtensibilityGlobals) = postSolution
		SolutionGuid = {420EA8A9-2A37-4BE5-BA4E-7526FD0ED207}
	EndGlobalSection
EndGlobal
